
Microsoft Visual Studio Solution File, Format Version 12.00
# Visual Studio 2015
Project("{FAE04EC0-301F-11D3-BF4B-00C04F79EFBC}") = "IP3 Project.CSharp", "IP3 Project.CSharp.csproj", "{C7058154-A7E6-AB72-0734-04D73AEC27F3}"
EndProject
Global
	GlobalSection(SolutionConfigurationPlatforms) = preSolution
		Debug|Any CPU = Debug|Any CPU
		Release|Any CPU = Release|Any CPU
	EndGlobalSection
	GlobalSection(ProjectConfigurationPlatforms) = postSolution
		{C7058154-A7E6-AB72-0734-04D73AEC27F3}.Debug|Any CPU.ActiveCfg = Debug|Any CPU
		{C7058154-A7E6-AB72-0734-04D73AEC27F3}.Debug|Any CPU.Build.0 = Debug|Any CPU
		{C7058154-A7E6-AB72-0734-04D73AEC27F3}.Release|Any CPU.ActiveCfg = Release|Any CPU
		{C7058154-A7E6-AB72-0734-04D73AEC27F3}.Release|Any CPU.Build.0 = Release|Any CPU
	EndGlobalSection
	GlobalSection(SolutionProperties) = preSolution
		HideSolutionNode = FALSE
	EndGlobalSection
EndGlobal
