Microsoft Visual Studio Solution File, Format Version 11.00
# Visual Studio 2008

Project("{460193A5-A137-2076-767C-2DB54E693BB4}") = "IP3-Project", "Assembly-CSharp.csproj", "{FF596094-5552-D35B-FFC7-BF4DB8A2AA40}"
EndProject
Global
	GlobalSection(SolutionConfigurationPlatforms) = preSolution
		Debug|Any CPU = Debug|Any CPU
		Release|Any CPU = Release|Any CPU
	EndGlobalSection
	GlobalSection(ProjectConfigurationPlatforms) = postSolution
		{FF596094-5552-D35B-FFC7-BF4DB8A2AA40}.Debug|Any CPU.ActiveCfg = Debug|Any CPU
		{FF596094-5552-D35B-FFC7-BF4DB8A2AA40}.Debug|Any CPU.Build.0 = Debug|Any CPU
		{FF596094-5552-D35B-FFC7-BF4DB8A2AA40}.Release|Any CPU.ActiveCfg = Release|Any CPU
		{FF596094-5552-D35B-FFC7-BF4DB8A2AA40}.Release|Any CPU.Build.0 = Release|Any CPU
	EndGlobalSection
	GlobalSection(SolutionProperties) = preSolution
		HideSolutionNode = FALSE
	EndGlobalSection
	GlobalSection(MonoDevelopProperties) = preSolution
		StartupItem = Assembly-CSharp.csproj
	EndGlobalSection
EndGlobal
